// !$*UTF8*$!
{
	archiveVersion = 1;
	classes = {
	};
	objectVersion = 48;
	objects = {

/* Begin PBXBuildFile section */
		518EDF9B2020FB00004204E1 /* AppDelegate.swift in Sources */ = {isa = PBXBuildFile; fileRef = 518EDF9A2020FB00004204E1 /* AppDelegate.swift */; };
		518EDF9D2020FB00004204E1 /* MainViewController.swift in Sources */ = {isa = PBXBuildFile; fileRef = 518EDF9C2020FB00004204E1 /* MainViewController.swift */; };
		518EDFA02020FB00004204E1 /* Main.storyboard in Resources */ = {isa = PBXBuildFile; fileRef = 518EDF9E2020FB00004204E1 /* Main.storyboard */; };
		518EDFA22020FB00004204E1 /* Assets.xcassets in Resources */ = {isa = PBXBuildFile; fileRef = 518EDFA12020FB00004204E1 /* Assets.xcassets */; };
		518EDFA52020FB00004204E1 /* LaunchScreen.storyboard in Resources */ = {isa = PBXBuildFile; fileRef = 518EDFA32020FB00004204E1 /* LaunchScreen.storyboard */; };
		518EDFB02020FB01004204E1 /* HeroesTests.swift in Sources */ = {isa = PBXBuildFile; fileRef = 518EDFAF2020FB01004204E1 /* HeroesTests.swift */; };
		518EDFBB2020FB97004204E1 /* Hero.swift in Sources */ = {isa = PBXBuildFile; fileRef = 518EDFBA2020FB97004204E1 /* Hero.swift */; };
		518EDFBD2020FBA9004204E1 /* Heroes.swift in Sources */ = {isa = PBXBuildFile; fileRef = 518EDFBC2020FBA9004204E1 /* Heroes.swift */; };
		518EDFC02020FC0B004204E1 /* DownloadAllHeroesInteractorProtocol.swift in Sources */ = {isa = PBXBuildFile; fileRef = 518EDFBF2020FC0B004204E1 /* DownloadAllHeroesInteractorProtocol.swift */; };
		518EDFC22020FC25004204E1 /* DownladAllHeroesInteractorFakeImplementation.swift in Sources */ = {isa = PBXBuildFile; fileRef = 518EDFC12020FC25004204E1 /* DownladAllHeroesInteractorFakeImplementation.swift */; };
		518EDFC62020FEC9004204E1 /* HeroTests.swift in Sources */ = {isa = PBXBuildFile; fileRef = 518EDFC52020FEC9004204E1 /* HeroTests.swift */; };
		518EDFC82020FF88004204E1 /* MainViewController+UICollectionViewController.swift in Sources */ = {isa = PBXBuildFile; fileRef = 518EDFC72020FF88004204E1 /* MainViewController+UICollectionViewController.swift */; };
		518EDFCA2020FFFB004204E1 /* HeroCell.swift in Sources */ = {isa = PBXBuildFile; fileRef = 518EDFC92020FFFB004204E1 /* HeroCell.swift */; };
/* End PBXBuildFile section */

/* Begin PBXContainerItemProxy section */
		518EDFAC2020FB01004204E1 /* PBXContainerItemProxy */ = {
			isa = PBXContainerItemProxy;
			containerPortal = 518EDF8F2020FB00004204E1 /* Project object */;
			proxyType = 1;
			remoteGlobalIDString = 518EDF962020FB00004204E1;
			remoteInfo = HeroesFin;
		};
/* End PBXContainerItemProxy section */

/* Begin PBXFileReference section */
		518EDF972020FB00004204E1 /* HeroesFin.app */ = {isa = PBXFileReference; explicitFileType = wrapper.application; includeInIndex = 0; path = HeroesFin.app; sourceTree = BUILT_PRODUCTS_DIR; };
		518EDF9A2020FB00004204E1 /* AppDelegate.swift */ = {isa = PBXFileReference; lastKnownFileType = sourcecode.swift; path = AppDelegate.swift; sourceTree = "<group>"; };
		518EDF9C2020FB00004204E1 /* MainViewController.swift */ = {isa = PBXFileReference; lastKnownFileType = sourcecode.swift; path = MainViewController.swift; sourceTree = "<group>"; };
		518EDF9F2020FB00004204E1 /* Base */ = {isa = PBXFileReference; lastKnownFileType = file.storyboard; name = Base; path = Base.lproj/Main.storyboard; sourceTree = "<group>"; };
		518EDFA12020FB00004204E1 /* Assets.xcassets */ = {isa = PBXFileReference; lastKnownFileType = folder.assetcatalog; path = Assets.xcassets; sourceTree = "<group>"; };
		518EDFA42020FB00004204E1 /* Base */ = {isa = PBXFileReference; lastKnownFileType = file.storyboard; name = Base; path = Base.lproj/LaunchScreen.storyboard; sourceTree = "<group>"; };
		518EDFA62020FB00004204E1 /* Info.plist */ = {isa = PBXFileReference; lastKnownFileType = text.plist.xml; path = Info.plist; sourceTree = "<group>"; };
		518EDFAB2020FB01004204E1 /* HeroesFinTests.xctest */ = {isa = PBXFileReference; explicitFileType = wrapper.cfbundle; includeInIndex = 0; path = HeroesFinTests.xctest; sourceTree = BUILT_PRODUCTS_DIR; };
		518EDFAF2020FB01004204E1 /* HeroesTests.swift */ = {isa = PBXFileReference; lastKnownFileType = sourcecode.swift; path = HeroesTests.swift; sourceTree = "<group>"; };
		518EDFB12020FB01004204E1 /* Info.plist */ = {isa = PBXFileReference; lastKnownFileType = text.plist.xml; path = Info.plist; sourceTree = "<group>"; };
		518EDFBA2020FB97004204E1 /* Hero.swift */ = {isa = PBXFileReference; lastKnownFileType = sourcecode.swift; path = Hero.swift; sourceTree = "<group>"; };
		518EDFBC2020FBA9004204E1 /* Heroes.swift */ = {isa = PBXFileReference; lastKnownFileType = sourcecode.swift; path = Heroes.swift; sourceTree = "<group>"; };
		518EDFBF2020FC0B004204E1 /* DownloadAllHeroesInteractorProtocol.swift */ = {isa = PBXFileReference; lastKnownFileType = sourcecode.swift; path = DownloadAllHeroesInteractorProtocol.swift; sourceTree = "<group>"; };
		518EDFC12020FC25004204E1 /* DownladAllHeroesInteractorFakeImplementation.swift */ = {isa = PBXFileReference; lastKnownFileType = sourcecode.swift; path = DownladAllHeroesInteractorFakeImplementation.swift; sourceTree = "<group>"; };
		518EDFC52020FEC9004204E1 /* HeroTests.swift */ = {isa = PBXFileReference; lastKnownFileType = sourcecode.swift; path = HeroTests.swift; sourceTree = "<group>"; };
		518EDFC72020FF88004204E1 /* MainViewController+UICollectionViewController.swift */ = {isa = PBXFileReference; lastKnownFileType = sourcecode.swift; path = "MainViewController+UICollectionViewController.swift"; sourceTree = "<group>"; };
		518EDFC92020FFFB004204E1 /* HeroCell.swift */ = {isa = PBXFileReference; lastKnownFileType = sourcecode.swift; path = HeroCell.swift; sourceTree = "<group>"; };
/* End PBXFileReference section */

/* Begin PBXFrameworksBuildPhase section */
		518EDF942020FB00004204E1 /* Frameworks */ = {
			isa = PBXFrameworksBuildPhase;
			buildActionMask = 2147483647;
			files = (
			);
			runOnlyForDeploymentPostprocessing = 0;
		};
		518EDFA82020FB01004204E1 /* Frameworks */ = {
			isa = PBXFrameworksBuildPhase;
			buildActionMask = 2147483647;
			files = (
			);
			runOnlyForDeploymentPostprocessing = 0;
		};
/* End PBXFrameworksBuildPhase section */

/* Begin PBXGroup section */
		518EDF8E2020FB00004204E1 = {
			isa = PBXGroup;
			children = (
				518EDF992020FB00004204E1 /* HeroesFin */,
				518EDFAE2020FB01004204E1 /* HeroesFinTests */,
				518EDF982020FB00004204E1 /* Products */,
			);
			sourceTree = "<group>";
		};
		518EDF982020FB00004204E1 /* Products */ = {
			isa = PBXGroup;
			children = (
				518EDF972020FB00004204E1 /* HeroesFin.app */,
				518EDFAB2020FB01004204E1 /* HeroesFinTests.xctest */,
			);
			name = Products;
			sourceTree = "<group>";
		};
		518EDF992020FB00004204E1 /* HeroesFin */ = {
			isa = PBXGroup;
			children = (
				518EDF9A2020FB00004204E1 /* AppDelegate.swift */,
				518EDFC42020FCD8004204E1 /* Controllers */,
				518EDFA12020FB00004204E1 /* Assets.xcassets */,
				518EDFA32020FB00004204E1 /* LaunchScreen.storyboard */,
				518EDFA62020FB00004204E1 /* Info.plist */,
				518EDFBE2020FBF1004204E1 /* Model */,
			);
			path = HeroesFin;
			sourceTree = "<group>";
		};
		518EDFAE2020FB01004204E1 /* HeroesFinTests */ = {
			isa = PBXGroup;
			children = (
				518EDFAF2020FB01004204E1 /* HeroesTests.swift */,
				518EDFB12020FB01004204E1 /* Info.plist */,
				518EDFC52020FEC9004204E1 /* HeroTests.swift */,
			);
			path = HeroesFinTests;
			sourceTree = "<group>";
		};
		518EDFBE2020FBF1004204E1 /* Model */ = {
			isa = PBXGroup;
			children = (
				518EDFBA2020FB97004204E1 /* Hero.swift */,
				518EDFBC2020FBA9004204E1 /* Heroes.swift */,
				518EDFC32020FC44004204E1 /* Interactor */,
			);
			path = Model;
			sourceTree = "<group>";
		};
		518EDFC32020FC44004204E1 /* Interactor */ = {
			isa = PBXGroup;
			children = (
				518EDFC12020FC25004204E1 /* DownladAllHeroesInteractorFakeImplementation.swift */,
				518EDFBF2020FC0B004204E1 /* DownloadAllHeroesInteractorProtocol.swift */,
			);
			path = Interactor;
			sourceTree = "<group>";
		};
		518EDFC42020FCD8004204E1 /* Controllers */ = {
			isa = PBXGroup;
			children = (
				518EDF9C2020FB00004204E1 /* MainViewController.swift */,
				518EDF9E2020FB00004204E1 /* Main.storyboard */,
				518EDFC92020FFFB004204E1 /* HeroCell.swift */,
				518EDFC72020FF88004204E1 /* MainViewController+UICollectionViewController.swift */,
			);
			path = Controllers;
			sourceTree = "<group>";
		};
/* End PBXGroup section */

/* Begin PBXNativeTarget section */
		518EDF962020FB00004204E1 /* HeroesFin */ = {
			isa = PBXNativeTarget;
			buildConfigurationList = 518EDFB42020FB01004204E1 /* Build configuration list for PBXNativeTarget "HeroesFin" */;
			buildPhases = (
				518EDF932020FB00004204E1 /* Sources */,
				518EDF942020FB00004204E1 /* Frameworks */,
				518EDF952020FB00004204E1 /* Resources */,
			);
			buildRules = (
			);
			dependencies = (
			);
			name = HeroesFin;
			productName = HeroesFin;
			productReference = 518EDF972020FB00004204E1 /* HeroesFin.app */;
			productType = "com.apple.product-type.application";
		};
		518EDFAA2020FB01004204E1 /* HeroesFinTests */ = {
			isa = PBXNativeTarget;
			buildConfigurationList = 518EDFB72020FB01004204E1 /* Build configuration list for PBXNativeTarget "HeroesFinTests" */;
			buildPhases = (
				518EDFA72020FB01004204E1 /* Sources */,
				518EDFA82020FB01004204E1 /* Frameworks */,
				518EDFA92020FB01004204E1 /* Resources */,
			);
			buildRules = (
			);
			dependencies = (
				518EDFAD2020FB01004204E1 /* PBXTargetDependency */,
			);
			name = HeroesFinTests;
			productName = HeroesFinTests;
			productReference = 518EDFAB2020FB01004204E1 /* HeroesFinTests.xctest */;
			productType = "com.apple.product-type.bundle.unit-test";
		};
/* End PBXNativeTarget section */

/* Begin PBXProject section */
		518EDF8F2020FB00004204E1 /* Project object */ = {
			isa = PBXProject;
			attributes = {
				LastSwiftUpdateCheck = 0920;
				LastUpgradeCheck = 0920;
				ORGANIZATIONNAME = "Alan Casas";
				TargetAttributes = {
					518EDF962020FB00004204E1 = {
						CreatedOnToolsVersion = 9.2;
						ProvisioningStyle = Automatic;
					};
					518EDFAA2020FB01004204E1 = {
						CreatedOnToolsVersion = 9.2;
						ProvisioningStyle = Automatic;
						TestTargetID = 518EDF962020FB00004204E1;
					};
				};
			};
			buildConfigurationList = 518EDF922020FB00004204E1 /* Build configuration list for PBXProject "HeroesFin" */;
			compatibilityVersion = "Xcode 8.0";
			developmentRegion = en;
			hasScannedForEncodings = 0;
			knownRegions = (
				en,
				Base,
			);
			mainGroup = 518EDF8E2020FB00004204E1;
			productRefGroup = 518EDF982020FB00004204E1 /* Products */;
			projectDirPath = "";
			projectRoot = "";
			targets = (
				518EDF962020FB00004204E1 /* HeroesFin */,
				518EDFAA2020FB01004204E1 /* HeroesFinTests */,
			);
		};
/* End PBXProject section */

/* Begin PBXResourcesBuildPhase section */
		518EDF952020FB00004204E1 /* Resources */ = {
			isa = PBXResourcesBuildPhase;
			buildActionMask = 2147483647;
			files = (
				518EDFA52020FB00004204E1 /* LaunchScreen.storyboard in Resources */,
				518EDFA22020FB00004204E1 /* Assets.xcassets in Resources */,
				518EDFA02020FB00004204E1 /* Main.storyboard in Resources */,
			);
			runOnlyForDeploymentPostprocessing = 0;
		};
		518EDFA92020FB01004204E1 /* Resources */ = {
			isa = PBXResourcesBuildPhase;
			buildActionMask = 2147483647;
			files = (
			);
			runOnlyForDeploymentPostprocessing = 0;
		};
/* End PBXResourcesBuildPhase section */

/* Begin PBXSourcesBuildPhase section */
		518EDF932020FB00004204E1 /* Sources */ = {
			isa = PBXSourcesBuildPhase;
			buildActionMask = 2147483647;
			files = (
				518EDF9D2020FB00004204E1 /* MainViewController.swift in Sources */,
				518EDFC22020FC25004204E1 /* DownladAllHeroesInteractorFakeImplementation.swift in Sources */,
				518EDFCA2020FFFB004204E1 /* HeroCell.swift in Sources */,
				518EDFBD2020FBA9004204E1 /* Heroes.swift in Sources */,
				518EDF9B2020FB00004204E1 /* AppDelegate.swift in Sources */,
				518EDFC82020FF88004204E1 /* MainViewController+UICollectionViewController.swift in Sources */,
				518EDFC02020FC0B004204E1 /* DownloadAllHeroesInteractorProtocol.swift in Sources */,
				518EDFBB2020FB97004204E1 /* Hero.swift in Sources */,
			);
			runOnlyForDeploymentPostprocessing = 0;
		};
		518EDFA72020FB01004204E1 /* Sources */ = {
			isa = PBXSourcesBuildPhase;
			buildActionMask = 2147483647;
			files = (
				518EDFB02020FB01004204E1 /* HeroesTests.swift in Sources */,
				518EDFC62020FEC9004204E1 /* HeroTests.swift in Sources */,
			);
			runOnlyForDeploymentPostprocessing = 0;
		};
/* End PBXSourcesBuildPhase section */

/* Begin PBXTargetDependency section */
		518EDFAD2020FB01004204E1 /* PBXTargetDependency */ = {
			isa = PBXTargetDependency;
			target = 518EDF962020FB00004204E1 /* HeroesFin */;
			targetProxy = 518EDFAC2020FB01004204E1 /* PBXContainerItemProxy */;
		};
/* End PBXTargetDependency section */

/* Begin PBXVariantGroup section */
		518EDF9E2020FB00004204E1 /* Main.storyboard */ = {
			isa = PBXVariantGroup;
			children = (
				518EDF9F2020FB00004204E1 /* Base */,
			);
			name = Main.storyboard;
			sourceTree = "<group>";
		};
		518EDFA32020FB00004204E1 /* LaunchScreen.storyboard */ = {
			isa = PBXVariantGroup;
			children = (
				518EDFA42020FB00004204E1 /* Base */,
			);
			name = LaunchScreen.storyboard;
			sourceTree = "<group>";
		};
/* End PBXVariantGroup section */

/* Begin XCBuildConfiguration section */
		518EDFB22020FB01004204E1 /* Debug */ = {
			isa = XCBuildConfiguration;
			buildSettings = {
				ALWAYS_SEARCH_USER_PATHS = NO;
				CLANG_ANALYZER_NONNULL = YES;
				CLANG_ANALYZER_NUMBER_OBJECT_CONVERSION = YES_AGGRESSIVE;
				CLANG_CXX_LANGUAGE_STANDARD = "gnu++14";
				CLANG_CXX_LIBRARY = "libc++";
				CLANG_ENABLE_MODULES = YES;
				CLANG_ENABLE_OBJC_ARC = YES;
				CLANG_WARN_BLOCK_CAPTURE_AUTORELEASING = YES;
				CLANG_WARN_BOOL_CONVERSION = YES;
				CLANG_WARN_COMMA = YES;
				CLANG_WARN_CONSTANT_CONVERSION = YES;
				CLANG_WARN_DIRECT_OBJC_ISA_USAGE = YES_ERROR;
				CLANG_WARN_DOCUMENTATION_COMMENTS = YES;
				CLANG_WARN_EMPTY_BODY = YES;
				CLANG_WARN_ENUM_CONVERSION = YES;
				CLANG_WARN_INFINITE_RECURSION = YES;
				CLANG_WARN_INT_CONVERSION = YES;
				CLANG_WARN_NON_LITERAL_NULL_CONVERSION = YES;
				CLANG_WARN_OBJC_LITERAL_CONVERSION = YES;
				CLANG_WARN_OBJC_ROOT_CLASS = YES_ERROR;
				CLANG_WARN_RANGE_LOOP_ANALYSIS = YES;
				CLANG_WARN_STRICT_PROTOTYPES = YES;
				CLANG_WARN_SUSPICIOUS_MOVE = YES;
				CLANG_WARN_UNGUARDED_AVAILABILITY = YES_AGGRESSIVE;
				CLANG_WARN_UNREACHABLE_CODE = YES;
				CLANG_WARN__DUPLICATE_METHOD_MATCH = YES;
				CODE_SIGN_IDENTITY = "iPhone Developer";
				COPY_PHASE_STRIP = NO;
				DEBUG_INFORMATION_FORMAT = dwarf;
				ENABLE_STRICT_OBJC_MSGSEND = YES;
				ENABLE_TESTABILITY = YES;
				GCC_C_LANGUAGE_STANDARD = gnu11;
				GCC_DYNAMIC_NO_PIC = NO;
				GCC_NO_COMMON_BLOCKS = YES;
				GCC_OPTIMIZATION_LEVEL = 0;
				GCC_PREPROCESSOR_DEFINITIONS = (
					"DEBUG=1",
					"$(inherited)",
				);
				GCC_WARN_64_TO_32_BIT_CONVERSION = YES;
				GCC_WARN_ABOUT_RETURN_TYPE = YES_ERROR;
				GCC_WARN_UNDECLARED_SELECTOR = YES;
				GCC_WARN_UNINITIALIZED_AUTOS = YES_AGGRESSIVE;
				GCC_WARN_UNUSED_FUNCTION = YES;
				GCC_WARN_UNUSED_VARIABLE = YES;
				IPHONEOS_DEPLOYMENT_TARGET = 11.2;
				MTL_ENABLE_DEBUG_INFO = YES;
				ONLY_ACTIVE_ARCH = YES;
				SDKROOT = iphoneos;
				SWIFT_ACTIVE_COMPILATION_CONDITIONS = DEBUG;
				SWIFT_OPTIMIZATION_LEVEL = "-Onone";
			};
			name = Debug;
		};
		518EDFB32020FB01004204E1 /* Release */ = {
			isa = XCBuildConfiguration;
			buildSettings = {
				ALWAYS_SEARCH_USER_PATHS = NO;
				CLANG_ANALYZER_NONNULL = YES;
				CLANG_ANALYZER_NUMBER_OBJECT_CONVERSION = YES_AGGRESSIVE;
				CLANG_CXX_LANGUAGE_STANDARD = "gnu++14";
				CLANG_CXX_LIBRARY = "libc++";
				CLANG_ENABLE_MODULES = YES;
				CLANG_ENABLE_OBJC_ARC = YES;
				CLANG_WARN_BLOCK_CAPTURE_AUTORELEASING = YES;
				CLANG_WARN_BOOL_CONVERSION = YES;
				CLANG_WARN_COMMA = YES;
				CLANG_WARN_CONSTANT_CONVERSION = YES;
				CLANG_WARN_DIRECT_OBJC_ISA_USAGE = YES_ERROR;
				CLANG_WARN_DOCUMENTATION_COMMENTS = YES;
				CLANG_WARN_EMPTY_BODY = YES;
				CLANG_WARN_ENUM_CONVERSION = YES;
				CLANG_WARN_INFINITE_RECURSION = YES;
				CLANG_WARN_INT_CONVERSION = YES;
				CLANG_WARN_NON_LITERAL_NULL_CONVERSION = YES;
				CLANG_WARN_OBJC_LITERAL_CONVERSION = YES;
				CLANG_WARN_OBJC_ROOT_CLASS = YES_ERROR;
				CLANG_WARN_RANGE_LOOP_ANALYSIS = YES;
				CLANG_WARN_STRICT_PROTOTYPES = YES;
				CLANG_WARN_SUSPICIOUS_MOVE = YES;
				CLANG_WARN_UNGUARDED_AVAILABILITY = YES_AGGRESSIVE;
				CLANG_WARN_UNREACHABLE_CODE = YES;
				CLANG_WARN__DUPLICATE_METHOD_MATCH = YES;
				CODE_SIGN_IDENTITY = "iPhone Developer";
				COPY_PHASE_STRIP = NO;
				DEBUG_INFORMATION_FORMAT = "dwarf-with-dsym";
				ENABLE_NS_ASSERTIONS = NO;
				ENABLE_STRICT_OBJC_MSGSEND = YES;
				GCC_C_LANGUAGE_STANDARD = gnu11;
				GCC_NO_COMMON_BLOCKS = YES;
				GCC_WARN_64_TO_32_BIT_CONVERSION = YES;
				GCC_WARN_ABOUT_RETURN_TYPE = YES_ERROR;
				GCC_WARN_UNDECLARED_SELECTOR = YES;
				GCC_WARN_UNINITIALIZED_AUTOS = YES_AGGRESSIVE;
				GCC_WARN_UNUSED_FUNCTION = YES;
				GCC_WARN_UNUSED_VARIABLE = YES;
				IPHONEOS_DEPLOYMENT_TARGET = 11.2;
				MTL_ENABLE_DEBUG_INFO = NO;
				SDKROOT = iphoneos;
				SWIFT_OPTIMIZATION_LEVEL = "-Owholemodule";
				VALIDATE_PRODUCT = YES;
			};
			name = Release;
		};
		518EDFB52020FB01004204E1 /* Debug */ = {
			isa = XCBuildConfiguration;
			buildSettings = {
				ASSETCATALOG_COMPILER_APPICON_NAME = AppIcon;
				CODE_SIGN_STYLE = Automatic;
				DEVELOPMENT_TEAM = 5J2G4846S8;
				INFOPLIST_FILE = HeroesFin/Info.plist;
				LD_RUNPATH_SEARCH_PATHS = "$(inherited) @executable_path/Frameworks";
				PRODUCT_BUNDLE_IDENTIFIER = "com.alancasasarevalo-gmail.HeroesFin";
				PRODUCT_NAME = "$(TARGET_NAME)";
				SWIFT_VERSION = 4.0;
				TARGETED_DEVICE_FAMILY = "1,2";
			};
			name = Debug;
		};
		518EDFB62020FB01004204E1 /* Release */ = {
			isa = XCBuildConfiguration;
			buildSettings = {
				ASSETCATALOG_COMPILER_APPICON_NAME = AppIcon;
				CODE_SIGN_STYLE = Automatic;
				DEVELOPMENT_TEAM = 5J2G4846S8;
				INFOPLIST_FILE = HeroesFin/Info.plist;
				LD_RUNPATH_SEARCH_PATHS = "$(inherited) @executable_path/Frameworks";
				PRODUCT_BUNDLE_IDENTIFIER = "com.alancasasarevalo-gmail.HeroesFin";
				PRODUCT_NAME = "$(TARGET_NAME)";
				SWIFT_VERSION = 4.0;
				TARGETED_DEVICE_FAMILY = "1,2";
			};
			name = Release;
		};
		518EDFB82020FB01004204E1 /* Debug */ = {
			isa = XCBuildConfiguration;
			buildSettings = {
				ALWAYS_EMBED_SWIFT_STANDARD_LIBRARIES = YES;
				BUNDLE_LOADER = "$(TEST_HOST)";
				CODE_SIGN_STYLE = Automatic;
				DEVELOPMENT_TEAM = 5J2G4846S8;
				INFOPLIST_FILE = HeroesFinTests/Info.plist;
				LD_RUNPATH_SEARCH_PATHS = "$(inherited) @executable_path/Frameworks @loader_path/Frameworks";
				PRODUCT_BUNDLE_IDENTIFIER = "com.alancasasarevalo-gmail.HeroesFinTests";
				PRODUCT_NAME = "$(TARGET_NAME)";
				SWIFT_VERSION = 4.0;
				TARGETED_DEVICE_FAMILY = "1,2";
				TEST_HOST = "$(BUILT_PRODUCTS_DIR)/HeroesFin.app/HeroesFin";
			};
			name = Debug;
		};
		518EDFB92020FB01004204E1 /* Release */ = {
			isa = XCBuildConfiguration;
			buildSettings = {
				ALWAYS_EMBED_SWIFT_STANDARD_LIBRARIES = YES;
				BUNDLE_LOADER = "$(TEST_HOST)";
				CODE_SIGN_STYLE = Automatic;
				DEVELOPMENT_TEAM = 5J2G4846S8;
				INFOPLIST_FILE = HeroesFinTests/Info.plist;
				LD_RUNPATH_SEARCH_PATHS = "$(inherited) @executable_path/Frameworks @loader_path/Frameworks";
				PRODUCT_BUNDLE_IDENTIFIER = "com.alancasasarevalo-gmail.HeroesFinTests";
				PRODUCT_NAME = "$(TARGET_NAME)";
				SWIFT_VERSION = 4.0;
				TARGETED_DEVICE_FAMILY = "1,2";
				TEST_HOST = "$(BUILT_PRODUCTS_DIR)/HeroesFin.app/HeroesFin";
			};
			name = Release;
		};
/* End XCBuildConfiguration section */

/* Begin XCConfigurationList section */
		518EDF922020FB00004204E1 /* Build configuration list for PBXProject "HeroesFin" */ = {
			isa = XCConfigurationList;
			buildConfigurations = (
				518EDFB22020FB01004204E1 /* Debug */,
				518EDFB32020FB01004204E1 /* Release */,
			);
			defaultConfigurationIsVisible = 0;
			defaultConfigurationName = Release;
		};
		518EDFB42020FB01004204E1 /* Build configuration list for PBXNativeTarget "HeroesFin" */ = {
			isa = XCConfigurationList;
			buildConfigurations = (
				518EDFB52020FB01004204E1 /* Debug */,
				518EDFB62020FB01004204E1 /* Release */,
			);
			defaultConfigurationIsVisible = 0;
			defaultConfigurationName = Release;
		};
		518EDFB72020FB01004204E1 /* Build configuration list for PBXNativeTarget "HeroesFinTests" */ = {
			isa = XCConfigurationList;
			buildConfigurations = (
				518EDFB82020FB01004204E1 /* Debug */,
				518EDFB92020FB01004204E1 /* Release */,
			);
			defaultConfigurationIsVisible = 0;
			defaultConfigurationName = Release;
		};
/* End XCConfigurationList section */
	};
	rootObject = 518EDF8F2020FB00004204E1 /* Project object */;
}
